
Microsoft Visual Studio Solution File, Format Version 12.00
# Visual Studio Version 16
VisualStudioVersion = 16.0.30907.101
MinimumVisualStudioVersion = 10.0.40219.1
Project("{9A19103F-16F7-4668-BE54-9A1E7A4F7556}") = "StreamSpeechToText", "StreamSpeechToText\StreamSpeechToText.csproj", "{D13550E1-57E5-4E40-9B2A-E6E5A3F54710}"
EndProject
Global
	GlobalSection(SolutionConfigurationPlatforms) = preSolution
		Debug|Any CPU = Debug|Any CPU
		Release|Any CPU = Release|Any CPU
	EndGlobalSection
	GlobalSection(ProjectConfigurationPlatforms) = postSolution
		{D13550E1-57E5-4E40-9B2A-E6E5A3F54710}.Debug|Any CPU.ActiveCfg = Debug|Any CPU
		{D13550E1-57E5-4E40-9B2A-E6E5A3F54710}.Debug|Any CPU.Build.0 = Debug|Any CPU
		{D13550E1-57E5-4E40-9B2A-E6E5A3F54710}.Release|Any CPU.ActiveCfg = Release|Any CPU
		{D13550E1-57E5-4E40-9B2A-E6E5A3F54710}.Release|Any CPU.Build.0 = Release|Any CPU
	EndGlobalSection
	GlobalSection(SolutionProperties) = preSolution
		HideSolutionNode = FALSE
	EndGlobalSection
	GlobalSection(ExtensibilityGlobals) = postSolution
		SolutionGuid = {2C820E34-26CC-422A-AE34-E11236249E29}
	EndGlobalSection
EndGlobal
